
Microsoft Visual Studio Solution File, Format Version 12.00
# Visual Studio Version 16
VisualStudioVersion = 16.0.30320.27
MinimumVisualStudioVersion = 10.0.40219.1
Project("{FAE04EC0-301F-11D3-BF4B-00C04F79EFBC}") = "NyousAPI", "NyousAPI.csproj", "{A808CDF5-8B18-47CE-A90A-5802BBA2499D}"
EndProject
Global
	GlobalSection(SolutionConfigurationPlatforms) = preSolution
		Debug|Any CPU = Debug|Any CPU
		Release|Any CPU = Release|Any CPU
	EndGlobalSection
	GlobalSection(ProjectConfigurationPlatforms) = postSolution
		{A808CDF5-8B18-47CE-A90A-5802BBA2499D}.Debug|Any CPU.ActiveCfg = Debug|Any CPU
		{A808CDF5-8B18-47CE-A90A-5802BBA2499D}.Debug|Any CPU.Build.0 = Debug|Any CPU
		{A808CDF5-8B18-47CE-A90A-5802BBA2499D}.Release|Any CPU.ActiveCfg = Release|Any CPU
		{A808CDF5-8B18-47CE-A90A-5802BBA2499D}.Release|Any CPU.Build.0 = Release|Any CPU
	EndGlobalSection
	GlobalSection(SolutionProperties) = preSolution
		HideSolutionNode = FALSE
	EndGlobalSection
	GlobalSection(ExtensibilityGlobals) = postSolution
		SolutionGuid = {AF7B2323-A6EB-4989-BE73-F3AA2D4D9783}
	EndGlobalSection
EndGlobal
